
Microsoft Visual Studio Solution File, Format Version 12.00
# Visual Studio Version 16
VisualStudioVersion = 16.0.31019.35
MinimumVisualStudioVersion = 10.0.40219.1
Project("{9A19103F-16F7-4668-BE54-9A1E7A4F7556}") = "Fall", "Fall\Fall.csproj", "{50ACB43E-4780-4E61-A2BE-6E3748E09E99}"
EndProject
Project("{2150E333-8FDC-42A3-9474-1A3956D46DE8}") = "Seasons", "Seasons", "{342AFFBC-826A-42CE-92BA-60B44DF7A5AD}"
EndProject
Project("{FAE04EC0-301F-11D3-BF4B-00C04F79EFBC}") = "Spring", "Spring\Spring.csproj", "{AF323CF8-56D5-49A8-8AEE-43EA33CC088B}"
EndProject
Project("{FAE04EC0-301F-11D3-BF4B-00C04F79EFBC}") = "Summer", "Summer\Summer.csproj", "{B28CE4B6-B9D5-421D-BFD4-0AADD5B88FF0}"
EndProject
Project("{FAE04EC0-301F-11D3-BF4B-00C04F79EFBC}") = "Winter", "Winter\Winter.csproj", "{8ABF1794-AC04-499A-A008-6E495737ACEF}"
EndProject
Project("{FAE04EC0-301F-11D3-BF4B-00C04F79EFBC}") = "ZodiacSignService", "ZodiacSignService\ZodiacSignService.csproj", "{4CAEE2D5-522E-4C14-9221-5CEE47800F29}"
EndProject
Global
	GlobalSection(SolutionConfigurationPlatforms) = preSolution
		Debug|Any CPU = Debug|Any CPU
		Release|Any CPU = Release|Any CPU
	EndGlobalSection
	GlobalSection(ProjectConfigurationPlatforms) = postSolution
		{50ACB43E-4780-4E61-A2BE-6E3748E09E99}.Debug|Any CPU.ActiveCfg = Debug|Any CPU
		{50ACB43E-4780-4E61-A2BE-6E3748E09E99}.Debug|Any CPU.Build.0 = Debug|Any CPU
		{50ACB43E-4780-4E61-A2BE-6E3748E09E99}.Release|Any CPU.ActiveCfg = Release|Any CPU
		{50ACB43E-4780-4E61-A2BE-6E3748E09E99}.Release|Any CPU.Build.0 = Release|Any CPU
		{AF323CF8-56D5-49A8-8AEE-43EA33CC088B}.Debug|Any CPU.ActiveCfg = Debug|Any CPU
		{AF323CF8-56D5-49A8-8AEE-43EA33CC088B}.Debug|Any CPU.Build.0 = Debug|Any CPU
		{AF323CF8-56D5-49A8-8AEE-43EA33CC088B}.Release|Any CPU.ActiveCfg = Release|Any CPU
		{AF323CF8-56D5-49A8-8AEE-43EA33CC088B}.Release|Any CPU.Build.0 = Release|Any CPU
		{B28CE4B6-B9D5-421D-BFD4-0AADD5B88FF0}.Debug|Any CPU.ActiveCfg = Debug|Any CPU
		{B28CE4B6-B9D5-421D-BFD4-0AADD5B88FF0}.Debug|Any CPU.Build.0 = Debug|Any CPU
		{B28CE4B6-B9D5-421D-BFD4-0AADD5B88FF0}.Release|Any CPU.ActiveCfg = Release|Any CPU
		{B28CE4B6-B9D5-421D-BFD4-0AADD5B88FF0}.Release|Any CPU.Build.0 = Release|Any CPU
		{8ABF1794-AC04-499A-A008-6E495737ACEF}.Debug|Any CPU.ActiveCfg = Debug|Any CPU
		{8ABF1794-AC04-499A-A008-6E495737ACEF}.Debug|Any CPU.Build.0 = Debug|Any CPU
		{8ABF1794-AC04-499A-A008-6E495737ACEF}.Release|Any CPU.ActiveCfg = Release|Any CPU
		{8ABF1794-AC04-499A-A008-6E495737ACEF}.Release|Any CPU.Build.0 = Release|Any CPU
		{4CAEE2D5-522E-4C14-9221-5CEE47800F29}.Debug|Any CPU.ActiveCfg = Debug|Any CPU
		{4CAEE2D5-522E-4C14-9221-5CEE47800F29}.Debug|Any CPU.Build.0 = Debug|Any CPU
		{4CAEE2D5-522E-4C14-9221-5CEE47800F29}.Release|Any CPU.ActiveCfg = Release|Any CPU
		{4CAEE2D5-522E-4C14-9221-5CEE47800F29}.Release|Any CPU.Build.0 = Release|Any CPU
	EndGlobalSection
	GlobalSection(SolutionProperties) = preSolution
		HideSolutionNode = FALSE
	EndGlobalSection
	GlobalSection(NestedProjects) = preSolution
		{50ACB43E-4780-4E61-A2BE-6E3748E09E99} = {342AFFBC-826A-42CE-92BA-60B44DF7A5AD}
		{AF323CF8-56D5-49A8-8AEE-43EA33CC088B} = {342AFFBC-826A-42CE-92BA-60B44DF7A5AD}
		{B28CE4B6-B9D5-421D-BFD4-0AADD5B88FF0} = {342AFFBC-826A-42CE-92BA-60B44DF7A5AD}
		{8ABF1794-AC04-499A-A008-6E495737ACEF} = {342AFFBC-826A-42CE-92BA-60B44DF7A5AD}
	EndGlobalSection
	GlobalSection(ExtensibilityGlobals) = postSolution
		SolutionGuid = {50B0A800-6932-4F8E-A584-7E5E6FCC681A}
	EndGlobalSection
EndGlobal
